
Microsoft Visual Studio Solution File, Format Version 12.00
# Visual Studio 15
VisualStudioVersion = 15.0.28307.168
MinimumVisualStudioVersion = 10.0.40219.1
Project("{FAE04EC0-301F-11D3-BF4B-00C04F79EFBC}") = "MCMS", "MCMS\MCMS.csproj", "{478832F6-07A3-4C39-A95E-8586609045CC}"
EndProject
Global
	GlobalSection(SolutionConfigurationPlatforms) = preSolution
		Debug|Any CPU = Debug|Any CPU
		Release|Any CPU = Release|Any CPU
	EndGlobalSection
	GlobalSection(ProjectConfigurationPlatforms) = postSolution
		{478832F6-07A3-4C39-A95E-8586609045CC}.Debug|Any CPU.ActiveCfg = Debug|Any CPU
		{478832F6-07A3-4C39-A95E-8586609045CC}.Debug|Any CPU.Build.0 = Debug|Any CPU
		{478832F6-07A3-4C39-A95E-8586609045CC}.Release|Any CPU.ActiveCfg = Release|Any CPU
		{478832F6-07A3-4C39-A95E-8586609045CC}.Release|Any CPU.Build.0 = Release|Any CPU
	EndGlobalSection
	GlobalSection(SolutionProperties) = preSolution
		HideSolutionNode = FALSE
	EndGlobalSection
	GlobalSection(ExtensibilityGlobals) = postSolution
		SolutionGuid = {7F8E6CC9-F149-4657-9179-395C06DA3D2D}
	EndGlobalSection
EndGlobal
